
Microsoft Visual Studio Solution File, Format Version 12.00
# Visual Studio Version 17
VisualStudioVersion = 17.0.32112.339
MinimumVisualStudioVersion = 10.0.40219.1
Project("{FAE04EC0-301F-11D3-BF4B-00C04F79EFBC}") = "WpfApp12", "WpfApp12.csproj", "{23CCD9C9-BC66-4E07-9E79-7DBE994E62D3}"
EndProject
Global
	GlobalSection(SolutionConfigurationPlatforms) = preSolution
		Debug|Any CPU = Debug|Any CPU
		Release|Any CPU = Release|Any CPU
	EndGlobalSection
	GlobalSection(ProjectConfigurationPlatforms) = postSolution
		{23CCD9C9-BC66-4E07-9E79-7DBE994E62D3}.Debug|Any CPU.ActiveCfg = Debug|Any CPU
		{23CCD9C9-BC66-4E07-9E79-7DBE994E62D3}.Debug|Any CPU.Build.0 = Debug|Any CPU
		{23CCD9C9-BC66-4E07-9E79-7DBE994E62D3}.Release|Any CPU.ActiveCfg = Release|Any CPU
		{23CCD9C9-BC66-4E07-9E79-7DBE994E62D3}.Release|Any CPU.Build.0 = Release|Any CPU
	EndGlobalSection
	GlobalSection(SolutionProperties) = preSolution
		HideSolutionNode = FALSE
	EndGlobalSection
	GlobalSection(ExtensibilityGlobals) = postSolution
		SolutionGuid = {701274C3-A855-41EA-993B-069EE330107E}
	EndGlobalSection
EndGlobal
